
Microsoft Visual Studio Solution File, Format Version 12.00
# Visual Studio Version 16
VisualStudioVersion = 16.0.28729.10
MinimumVisualStudioVersion = 10.0.40219.1
Project("{FAE04EC0-301F-11D3-BF4B-00C04F79EFBC}") = "ArduinoRemoteTester", "ArduinoRemoteTester\ArduinoRemoteTester.csproj", "{DB9D259D-C0D0-477B-BC87-BBD84716A10F}"
EndProject
Project("{FAE04EC0-301F-11D3-BF4B-00C04F79EFBC}") = "MtkLogParserTest", "MtkLogParserTest\MtkLogParserTest.csproj", "{C5B5786F-F69C-49DA-B797-63056F79AD6E}"
EndProject
Project("{2150E333-8FDC-42A3-9474-1A3956D46DE8}") = "TestProject", "TestProject", "{291FB1A2-A5B5-4764-8D9F-BD2F6CC4419F}"
EndProject
Project("{2150E333-8FDC-42A3-9474-1A3956D46DE8}") = "ArduinoProject", "ArduinoProject", "{8570F4F9-F135-4627-9099-5E62F443A487}"
	ProjectSection(SolutionItems) = preProject
		ArduinoProject\VizioSoundbarRemote\VizioSoundbarRemote.ino = ArduinoProject\VizioSoundbarRemote\VizioSoundbarRemote.ino
	EndProjectSection
EndProject
Project("{FAE04EC0-301F-11D3-BF4B-00C04F79EFBC}") = "APMeasurementHelper", "APMeasurementHelper\APMeasurementHelper.csproj", "{9927A506-3CA1-4587-A1B4-27A2D8A3CB2E}"
EndProject
Project("{FAE04EC0-301F-11D3-BF4B-00C04F79EFBC}") = "APxMeasurementController", "MT8507Log\APxMeasurementController.csproj", "{FD1B6CE6-DAEA-4625-BAAF-7CF4324C94D9}"
EndProject
Project("{FAE04EC0-301F-11D3-BF4B-00C04F79EFBC}") = "SbRemoteCode2Nec", "SbRemoteCode2Nec\SbRemoteCode2Nec.csproj", "{5B916019-07D2-4228-8DB3-D5EAF7B12ED4}"
EndProject
Project("{FAE04EC0-301F-11D3-BF4B-00C04F79EFBC}") = "AutoTestATS-524", "AutoTestATS-524\AutoTestATS-524.csproj", "{8D4A4420-3683-4F73-94DA-F04E8FE8E674}"
EndProject
Global
	GlobalSection(SolutionConfigurationPlatforms) = preSolution
		Debug|Any CPU = Debug|Any CPU
		Debug|x86 = Debug|x86
		Release|Any CPU = Release|Any CPU
		Release|x86 = Release|x86
	EndGlobalSection
	GlobalSection(ProjectConfigurationPlatforms) = postSolution
		{DB9D259D-C0D0-477B-BC87-BBD84716A10F}.Debug|Any CPU.ActiveCfg = Debug|Any CPU
		{DB9D259D-C0D0-477B-BC87-BBD84716A10F}.Debug|x86.ActiveCfg = Debug|Any CPU
		{DB9D259D-C0D0-477B-BC87-BBD84716A10F}.Debug|x86.Build.0 = Debug|Any CPU
		{DB9D259D-C0D0-477B-BC87-BBD84716A10F}.Release|Any CPU.ActiveCfg = Release|Any CPU
		{DB9D259D-C0D0-477B-BC87-BBD84716A10F}.Release|x86.ActiveCfg = Release|Any CPU
		{DB9D259D-C0D0-477B-BC87-BBD84716A10F}.Release|x86.Build.0 = Release|Any CPU
		{C5B5786F-F69C-49DA-B797-63056F79AD6E}.Debug|Any CPU.ActiveCfg = Debug|Any CPU
		{C5B5786F-F69C-49DA-B797-63056F79AD6E}.Debug|x86.ActiveCfg = Debug|Any CPU
		{C5B5786F-F69C-49DA-B797-63056F79AD6E}.Debug|x86.Build.0 = Debug|Any CPU
		{C5B5786F-F69C-49DA-B797-63056F79AD6E}.Release|Any CPU.ActiveCfg = Release|Any CPU
		{C5B5786F-F69C-49DA-B797-63056F79AD6E}.Release|x86.ActiveCfg = Release|Any CPU
		{C5B5786F-F69C-49DA-B797-63056F79AD6E}.Release|x86.Build.0 = Release|Any CPU
		{9927A506-3CA1-4587-A1B4-27A2D8A3CB2E}.Debug|Any CPU.ActiveCfg = Debug|Any CPU
		{9927A506-3CA1-4587-A1B4-27A2D8A3CB2E}.Debug|Any CPU.Build.0 = Debug|Any CPU
		{9927A506-3CA1-4587-A1B4-27A2D8A3CB2E}.Debug|x86.ActiveCfg = Debug|Any CPU
		{9927A506-3CA1-4587-A1B4-27A2D8A3CB2E}.Debug|x86.Build.0 = Debug|Any CPU
		{9927A506-3CA1-4587-A1B4-27A2D8A3CB2E}.Release|Any CPU.ActiveCfg = Release|Any CPU
		{9927A506-3CA1-4587-A1B4-27A2D8A3CB2E}.Release|Any CPU.Build.0 = Release|Any CPU
		{9927A506-3CA1-4587-A1B4-27A2D8A3CB2E}.Release|x86.ActiveCfg = Release|Any CPU
		{9927A506-3CA1-4587-A1B4-27A2D8A3CB2E}.Release|x86.Build.0 = Release|Any CPU
		{FD1B6CE6-DAEA-4625-BAAF-7CF4324C94D9}.Debug|Any CPU.ActiveCfg = Debug|Any CPU
		{FD1B6CE6-DAEA-4625-BAAF-7CF4324C94D9}.Debug|x86.ActiveCfg = Debug|Any CPU
		{FD1B6CE6-DAEA-4625-BAAF-7CF4324C94D9}.Debug|x86.Build.0 = Debug|Any CPU
		{FD1B6CE6-DAEA-4625-BAAF-7CF4324C94D9}.Release|Any CPU.ActiveCfg = Release|Any CPU
		{FD1B6CE6-DAEA-4625-BAAF-7CF4324C94D9}.Release|Any CPU.Build.0 = Release|Any CPU
		{FD1B6CE6-DAEA-4625-BAAF-7CF4324C94D9}.Release|x86.ActiveCfg = Release|Any CPU
		{FD1B6CE6-DAEA-4625-BAAF-7CF4324C94D9}.Release|x86.Build.0 = Release|Any CPU
		{5B916019-07D2-4228-8DB3-D5EAF7B12ED4}.Debug|Any CPU.ActiveCfg = Debug|Any CPU
		{5B916019-07D2-4228-8DB3-D5EAF7B12ED4}.Debug|x86.ActiveCfg = Debug|Any CPU
		{5B916019-07D2-4228-8DB3-D5EAF7B12ED4}.Debug|x86.Build.0 = Debug|Any CPU
		{5B916019-07D2-4228-8DB3-D5EAF7B12ED4}.Release|Any CPU.ActiveCfg = Release|Any CPU
		{5B916019-07D2-4228-8DB3-D5EAF7B12ED4}.Release|x86.ActiveCfg = Release|Any CPU
		{5B916019-07D2-4228-8DB3-D5EAF7B12ED4}.Release|x86.Build.0 = Release|Any CPU
		{8D4A4420-3683-4F73-94DA-F04E8FE8E674}.Debug|Any CPU.ActiveCfg = Debug|Any CPU
		{8D4A4420-3683-4F73-94DA-F04E8FE8E674}.Debug|Any CPU.Build.0 = Debug|Any CPU
		{8D4A4420-3683-4F73-94DA-F04E8FE8E674}.Debug|x86.ActiveCfg = Debug|Any CPU
		{8D4A4420-3683-4F73-94DA-F04E8FE8E674}.Debug|x86.Build.0 = Debug|Any CPU
		{8D4A4420-3683-4F73-94DA-F04E8FE8E674}.Release|Any CPU.ActiveCfg = Release|Any CPU
		{8D4A4420-3683-4F73-94DA-F04E8FE8E674}.Release|Any CPU.Build.0 = Release|Any CPU
		{8D4A4420-3683-4F73-94DA-F04E8FE8E674}.Release|x86.ActiveCfg = Release|Any CPU
		{8D4A4420-3683-4F73-94DA-F04E8FE8E674}.Release|x86.Build.0 = Release|Any CPU
	EndGlobalSection
	GlobalSection(SolutionProperties) = preSolution
		HideSolutionNode = FALSE
	EndGlobalSection
	GlobalSection(NestedProjects) = preSolution
		{DB9D259D-C0D0-477B-BC87-BBD84716A10F} = {291FB1A2-A5B5-4764-8D9F-BD2F6CC4419F}
		{C5B5786F-F69C-49DA-B797-63056F79AD6E} = {291FB1A2-A5B5-4764-8D9F-BD2F6CC4419F}
		{5B916019-07D2-4228-8DB3-D5EAF7B12ED4} = {291FB1A2-A5B5-4764-8D9F-BD2F6CC4419F}
	EndGlobalSection
	GlobalSection(ExtensibilityGlobals) = postSolution
		SolutionGuid = {E9B012E1-1C6B-4092-9A09-7DB89E55CAD4}
	EndGlobalSection
EndGlobal
